
Microsoft Visual Studio Solution File, Format Version 12.00
# Visual Studio Version 16
VisualStudioVersion = 16.0.30309.148
MinimumVisualStudioVersion = 10.0.40219.1
Project("{9A19103F-16F7-4668-BE54-9A1E7A4F7556}") = "Portal.Smsis.Host", "NetCore.AngularTest\Portal.Smsis.Host.csproj", "{EEECDE57-E3C1-4F44-A0D3-C2F74D108242}"
EndProject
Project("{FAE04EC0-301F-11D3-BF4B-00C04F79EFBC}") = "Portal.Smsis.DAL", "Portal.Smsis.DAL\Portal.Smsis.DAL.csproj", "{F74AC866-F134-42ED-AD64-1433C30DCCA1}"
EndProject
Global
	GlobalSection(SolutionConfigurationPlatforms) = preSolution
		Debug|Any CPU = Debug|Any CPU
		Release|Any CPU = Release|Any CPU
	EndGlobalSection
	GlobalSection(ProjectConfigurationPlatforms) = postSolution
		{EEECDE57-E3C1-4F44-A0D3-C2F74D108242}.Debug|Any CPU.ActiveCfg = Debug|Any CPU
		{EEECDE57-E3C1-4F44-A0D3-C2F74D108242}.Debug|Any CPU.Build.0 = Debug|Any CPU
		{EEECDE57-E3C1-4F44-A0D3-C2F74D108242}.Release|Any CPU.ActiveCfg = Release|Any CPU
		{EEECDE57-E3C1-4F44-A0D3-C2F74D108242}.Release|Any CPU.Build.0 = Release|Any CPU
		{F74AC866-F134-42ED-AD64-1433C30DCCA1}.Debug|Any CPU.ActiveCfg = Debug|Any CPU
		{F74AC866-F134-42ED-AD64-1433C30DCCA1}.Debug|Any CPU.Build.0 = Debug|Any CPU
		{F74AC866-F134-42ED-AD64-1433C30DCCA1}.Release|Any CPU.ActiveCfg = Release|Any CPU
		{F74AC866-F134-42ED-AD64-1433C30DCCA1}.Release|Any CPU.Build.0 = Release|Any CPU
	EndGlobalSection
	GlobalSection(SolutionProperties) = preSolution
		HideSolutionNode = FALSE
	EndGlobalSection
	GlobalSection(ExtensibilityGlobals) = postSolution
		SolutionGuid = {FB333442-FCD3-4993-8326-F08C6AF60215}
	EndGlobalSection
EndGlobal
